
Microsoft Visual Studio Solution File, Format Version 12.00
# Visual Studio Version 16
VisualStudioVersion = 16.0.28729.10
MinimumVisualStudioVersion = 10.0.40219.1
Project("{9A19103F-16F7-4668-BE54-9A1E7A4F7556}") = "DanceCoolDTO", "DanceCoolDTO\DanceCoolDTO.csproj", "{A243FFD8-FD41-4F0B-837D-F79559676767}"
EndProject
Project("{9A19103F-16F7-4668-BE54-9A1E7A4F7556}") = "DanceCoolDataAccessLogic", "DanceCoolDataAccessLogic\DanceCoolDataAccessLogic.csproj", "{A92617A5-C3D0-40D4-B204-ACA914B28199}"
EndProject
Project("{9A19103F-16F7-4668-BE54-9A1E7A4F7556}") = "DanceCoolBusinessLogic", "DanceCoolBusinessLogic\DanceCoolBusinessLogic.csproj", "{B2787E82-C37F-4A0C-8445-0F929B6DD6BD}"
EndProject
Project("{2150E333-8FDC-42A3-9474-1A3956D46DE8}") = "SolutionItems", "SolutionItems", "{0BCE0C51-226E-4507-8662-1D8990658399}"
	ProjectSection(SolutionItems) = preProject
		Migrations.txt = Migrations.txt
	EndProjectSection
EndProject
Project("{9A19103F-16F7-4668-BE54-9A1E7A4F7556}") = "DanceCoolWebApi", "DanceCoolWebApi\DanceCoolWebApi.csproj", "{FD4312F9-9D94-47F3-9BB2-02101062893D}"
EndProject
Global
	GlobalSection(SolutionConfigurationPlatforms) = preSolution
		Debug|Any CPU = Debug|Any CPU
		Release|Any CPU = Release|Any CPU
	EndGlobalSection
	GlobalSection(ProjectConfigurationPlatforms) = postSolution
		{A243FFD8-FD41-4F0B-837D-F79559676767}.Debug|Any CPU.ActiveCfg = Debug|Any CPU
		{A243FFD8-FD41-4F0B-837D-F79559676767}.Debug|Any CPU.Build.0 = Debug|Any CPU
		{A243FFD8-FD41-4F0B-837D-F79559676767}.Release|Any CPU.ActiveCfg = Release|Any CPU
		{A243FFD8-FD41-4F0B-837D-F79559676767}.Release|Any CPU.Build.0 = Release|Any CPU
		{A92617A5-C3D0-40D4-B204-ACA914B28199}.Debug|Any CPU.ActiveCfg = Debug|Any CPU
		{A92617A5-C3D0-40D4-B204-ACA914B28199}.Debug|Any CPU.Build.0 = Debug|Any CPU
		{A92617A5-C3D0-40D4-B204-ACA914B28199}.Release|Any CPU.ActiveCfg = Release|Any CPU
		{A92617A5-C3D0-40D4-B204-ACA914B28199}.Release|Any CPU.Build.0 = Release|Any CPU
		{B2787E82-C37F-4A0C-8445-0F929B6DD6BD}.Debug|Any CPU.ActiveCfg = Debug|Any CPU
		{B2787E82-C37F-4A0C-8445-0F929B6DD6BD}.Debug|Any CPU.Build.0 = Debug|Any CPU
		{B2787E82-C37F-4A0C-8445-0F929B6DD6BD}.Release|Any CPU.ActiveCfg = Release|Any CPU
		{B2787E82-C37F-4A0C-8445-0F929B6DD6BD}.Release|Any CPU.Build.0 = Release|Any CPU
		{FD4312F9-9D94-47F3-9BB2-02101062893D}.Debug|Any CPU.ActiveCfg = Debug|Any CPU
		{FD4312F9-9D94-47F3-9BB2-02101062893D}.Debug|Any CPU.Build.0 = Debug|Any CPU
		{FD4312F9-9D94-47F3-9BB2-02101062893D}.Release|Any CPU.ActiveCfg = Release|Any CPU
		{FD4312F9-9D94-47F3-9BB2-02101062893D}.Release|Any CPU.Build.0 = Release|Any CPU
	EndGlobalSection
	GlobalSection(SolutionProperties) = preSolution
		HideSolutionNode = FALSE
	EndGlobalSection
	GlobalSection(ExtensibilityGlobals) = postSolution
		SolutionGuid = {6ABD8C1C-664D-4EE9-98ED-B71978A046B7}
	EndGlobalSection
EndGlobal
